
Microsoft Visual Studio Solution File, Format Version 12.00
# Visual Studio Version 16
VisualStudioVersion = 16.0.29806.167
MinimumVisualStudioVersion = 10.0.40219.1
Project("{FAE04EC0-301F-11D3-BF4B-00C04F79EFBC}") = "Lab04.Android", "Lab04\Lab04.Android\Lab04.Android.csproj", "{23A29C30-4041-4404-863A-4DAFB5196D70}"
EndProject
Project("{FAE04EC0-301F-11D3-BF4B-00C04F79EFBC}") = "Lab04.iOS", "Lab04\Lab04.iOS\Lab04.iOS.csproj", "{5E15DFEF-AF64-4BEA-8260-A0CC7C521A48}"
EndProject
Project("{FAE04EC0-301F-11D3-BF4B-00C04F79EFBC}") = "Lab04", "Lab04\Lab04\Lab04.csproj", "{C17EEB55-8EB8-4AF7-A31E-3E290570CA74}"
EndProject
Global
	GlobalSection(SolutionConfigurationPlatforms) = preSolution
		Debug|Any CPU = Debug|Any CPU
		Debug|iPhone = Debug|iPhone
		Debug|iPhoneSimulator = Debug|iPhoneSimulator
		Release|Any CPU = Release|Any CPU
		Release|iPhone = Release|iPhone
		Release|iPhoneSimulator = Release|iPhoneSimulator
	EndGlobalSection
	GlobalSection(ProjectConfigurationPlatforms) = postSolution
		{23A29C30-4041-4404-863A-4DAFB5196D70}.Debug|Any CPU.ActiveCfg = Debug|Any CPU
		{23A29C30-4041-4404-863A-4DAFB5196D70}.Debug|Any CPU.Build.0 = Debug|Any CPU
		{23A29C30-4041-4404-863A-4DAFB5196D70}.Debug|Any CPU.Deploy.0 = Debug|Any CPU
		{23A29C30-4041-4404-863A-4DAFB5196D70}.Debug|iPhone.ActiveCfg = Debug|Any CPU
		{23A29C30-4041-4404-863A-4DAFB5196D70}.Debug|iPhone.Build.0 = Debug|Any CPU
		{23A29C30-4041-4404-863A-4DAFB5196D70}.Debug|iPhone.Deploy.0 = Debug|Any CPU
		{23A29C30-4041-4404-863A-4DAFB5196D70}.Debug|iPhoneSimulator.ActiveCfg = Debug|Any CPU
		{23A29C30-4041-4404-863A-4DAFB5196D70}.Debug|iPhoneSimulator.Build.0 = Debug|Any CPU
		{23A29C30-4041-4404-863A-4DAFB5196D70}.Debug|iPhoneSimulator.Deploy.0 = Debug|Any CPU
		{23A29C30-4041-4404-863A-4DAFB5196D70}.Release|Any CPU.ActiveCfg = Release|Any CPU
		{23A29C30-4041-4404-863A-4DAFB5196D70}.Release|Any CPU.Build.0 = Release|Any CPU
		{23A29C30-4041-4404-863A-4DAFB5196D70}.Release|Any CPU.Deploy.0 = Release|Any CPU
		{23A29C30-4041-4404-863A-4DAFB5196D70}.Release|iPhone.ActiveCfg = Release|Any CPU
		{23A29C30-4041-4404-863A-4DAFB5196D70}.Release|iPhone.Build.0 = Release|Any CPU
		{23A29C30-4041-4404-863A-4DAFB5196D70}.Release|iPhone.Deploy.0 = Release|Any CPU
		{23A29C30-4041-4404-863A-4DAFB5196D70}.Release|iPhoneSimulator.ActiveCfg = Release|Any CPU
		{23A29C30-4041-4404-863A-4DAFB5196D70}.Release|iPhoneSimulator.Build.0 = Release|Any CPU
		{23A29C30-4041-4404-863A-4DAFB5196D70}.Release|iPhoneSimulator.Deploy.0 = Release|Any CPU
		{5E15DFEF-AF64-4BEA-8260-A0CC7C521A48}.Debug|Any CPU.ActiveCfg = Debug|iPhoneSimulator
		{5E15DFEF-AF64-4BEA-8260-A0CC7C521A48}.Debug|Any CPU.Build.0 = Debug|iPhoneSimulator
		{5E15DFEF-AF64-4BEA-8260-A0CC7C521A48}.Debug|Any CPU.Deploy.0 = Debug|iPhoneSimulator
		{5E15DFEF-AF64-4BEA-8260-A0CC7C521A48}.Debug|iPhone.ActiveCfg = Debug|iPhone
		{5E15DFEF-AF64-4BEA-8260-A0CC7C521A48}.Debug|iPhone.Build.0 = Debug|iPhone
		{5E15DFEF-AF64-4BEA-8260-A0CC7C521A48}.Debug|iPhone.Deploy.0 = Debug|iPhone
		{5E15DFEF-AF64-4BEA-8260-A0CC7C521A48}.Debug|iPhoneSimulator.ActiveCfg = Debug|iPhoneSimulator
		{5E15DFEF-AF64-4BEA-8260-A0CC7C521A48}.Debug|iPhoneSimulator.Build.0 = Debug|iPhoneSimulator
		{5E15DFEF-AF64-4BEA-8260-A0CC7C521A48}.Debug|iPhoneSimulator.Deploy.0 = Debug|iPhoneSimulator
		{5E15DFEF-AF64-4BEA-8260-A0CC7C521A48}.Release|Any CPU.ActiveCfg = Release|iPhone
		{5E15DFEF-AF64-4BEA-8260-A0CC7C521A48}.Release|Any CPU.Build.0 = Release|iPhone
		{5E15DFEF-AF64-4BEA-8260-A0CC7C521A48}.Release|Any CPU.Deploy.0 = Release|iPhone
		{5E15DFEF-AF64-4BEA-8260-A0CC7C521A48}.Release|iPhone.ActiveCfg = Release|iPhone
		{5E15DFEF-AF64-4BEA-8260-A0CC7C521A48}.Release|iPhone.Build.0 = Release|iPhone
		{5E15DFEF-AF64-4BEA-8260-A0CC7C521A48}.Release|iPhone.Deploy.0 = Release|iPhone
		{5E15DFEF-AF64-4BEA-8260-A0CC7C521A48}.Release|iPhoneSimulator.ActiveCfg = Release|iPhoneSimulator
		{5E15DFEF-AF64-4BEA-8260-A0CC7C521A48}.Release|iPhoneSimulator.Build.0 = Release|iPhoneSimulator
		{5E15DFEF-AF64-4BEA-8260-A0CC7C521A48}.Release|iPhoneSimulator.Deploy.0 = Release|iPhoneSimulator
		{C17EEB55-8EB8-4AF7-A31E-3E290570CA74}.Debug|Any CPU.ActiveCfg = Debug|Any CPU
		{C17EEB55-8EB8-4AF7-A31E-3E290570CA74}.Debug|Any CPU.Build.0 = Debug|Any CPU
		{C17EEB55-8EB8-4AF7-A31E-3E290570CA74}.Debug|Any CPU.Deploy.0 = Debug|Any CPU
		{C17EEB55-8EB8-4AF7-A31E-3E290570CA74}.Debug|iPhone.ActiveCfg = Debug|Any CPU
		{C17EEB55-8EB8-4AF7-A31E-3E290570CA74}.Debug|iPhone.Build.0 = Debug|Any CPU
		{C17EEB55-8EB8-4AF7-A31E-3E290570CA74}.Debug|iPhone.Deploy.0 = Debug|Any CPU
		{C17EEB55-8EB8-4AF7-A31E-3E290570CA74}.Debug|iPhoneSimulator.ActiveCfg = Debug|Any CPU
		{C17EEB55-8EB8-4AF7-A31E-3E290570CA74}.Debug|iPhoneSimulator.Build.0 = Debug|Any CPU
		{C17EEB55-8EB8-4AF7-A31E-3E290570CA74}.Debug|iPhoneSimulator.Deploy.0 = Debug|Any CPU
		{C17EEB55-8EB8-4AF7-A31E-3E290570CA74}.Release|Any CPU.ActiveCfg = Release|Any CPU
		{C17EEB55-8EB8-4AF7-A31E-3E290570CA74}.Release|Any CPU.Build.0 = Release|Any CPU
		{C17EEB55-8EB8-4AF7-A31E-3E290570CA74}.Release|Any CPU.Deploy.0 = Release|Any CPU
		{C17EEB55-8EB8-4AF7-A31E-3E290570CA74}.Release|iPhone.ActiveCfg = Release|Any CPU
		{C17EEB55-8EB8-4AF7-A31E-3E290570CA74}.Release|iPhone.Build.0 = Release|Any CPU
		{C17EEB55-8EB8-4AF7-A31E-3E290570CA74}.Release|iPhone.Deploy.0 = Release|Any CPU
		{C17EEB55-8EB8-4AF7-A31E-3E290570CA74}.Release|iPhoneSimulator.ActiveCfg = Release|Any CPU
		{C17EEB55-8EB8-4AF7-A31E-3E290570CA74}.Release|iPhoneSimulator.Build.0 = Release|Any CPU
		{C17EEB55-8EB8-4AF7-A31E-3E290570CA74}.Release|iPhoneSimulator.Deploy.0 = Release|Any CPU
	EndGlobalSection
	GlobalSection(SolutionProperties) = preSolution
		HideSolutionNode = FALSE
	EndGlobalSection
	GlobalSection(ExtensibilityGlobals) = postSolution
		SolutionGuid = {11AA65CA-5C52-41AD-B5CC-77FDAA99C709}
	EndGlobalSection
EndGlobal
